
Microsoft Visual Studio Solution File, Format Version 12.00
# Visual Studio Version 16
VisualStudioVersion = 16.0.29613.14
MinimumVisualStudioVersion = 10.0.40219.1
Project("{FAE04EC0-301F-11D3-BF4B-00C04F79EFBC}") = "ServerManager", "ServerManager\ServerManager.csproj", "{C9B4E42B-114E-401F-86E5-60AF00163C47}"
EndProject
Global
	GlobalSection(SolutionConfigurationPlatforms) = preSolution
		Debug|Any CPU = Debug|Any CPU
		Release|Any CPU = Release|Any CPU
	EndGlobalSection
	GlobalSection(ProjectConfigurationPlatforms) = postSolution
		{C9B4E42B-114E-401F-86E5-60AF00163C47}.Debug|Any CPU.ActiveCfg = Debug|Any CPU
		{C9B4E42B-114E-401F-86E5-60AF00163C47}.Debug|Any CPU.Build.0 = Debug|Any CPU
		{C9B4E42B-114E-401F-86E5-60AF00163C47}.Release|Any CPU.ActiveCfg = Release|Any CPU
		{C9B4E42B-114E-401F-86E5-60AF00163C47}.Release|Any CPU.Build.0 = Release|Any CPU
	EndGlobalSection
	GlobalSection(SolutionProperties) = preSolution
		HideSolutionNode = FALSE
	EndGlobalSection
	GlobalSection(ExtensibilityGlobals) = postSolution
		SolutionGuid = {E2CFACF4-4D7B-47BA-B018-09165386BA3E}
	EndGlobalSection
EndGlobal
